
Microsoft Visual Studio Solution File, Format Version 12.00
# Visual Studio 15
Project("{FAE04EC0-301F-11D3-BF4B-00C04F79EFBC}") = "Course", "Course.csproj", "{3A93A480-8D13-4231-A92F-7ADA689488B4}"
EndProject
Global
	GlobalSection(SolutionConfigurationPlatforms) = preSolution
		Debug|anycpu = Debug|anycpu
		Release|anycpu = Release|anycpu
	EndGlobalSection
	GlobalSection(ProjectConfigurationPlatforms) = postSolution
		{3A93A480-8D13-4231-A92F-7ADA689488B4}.Debug|anycpu.ActiveCfg = Debug|anycpu
		{3A93A480-8D13-4231-A92F-7ADA689488B4}.Debug|anycpu.Build.0 = Debug|anycpu
		{3A93A480-8D13-4231-A92F-7ADA689488B4}.Release|anycpu.ActiveCfg = Release|anycpu
		{3A93A480-8D13-4231-A92F-7ADA689488B4}.Release|anycpu.Build.0 = Release|anycpu
	EndGlobalSection
EndGlobal
